
Microsoft Visual Studio Solution File, Format Version 12.00
# Visual Studio Version 17
VisualStudioVersion = 17.9.34607.119
MinimumVisualStudioVersion = 10.0.40219.1
Project("{FAE04EC0-301F-11D3-BF4B-00C04F79EFBC}") = "WpfGrabber", "WpfGrabber\WpfGrabber.csproj", "{BD4E61EE-0254-424D-971D-7BA0FB2194EC}"
EndProject
Global
	GlobalSection(SolutionConfigurationPlatforms) = preSolution
		Debug|Any CPU = Debug|Any CPU
		Release|Any CPU = Release|Any CPU
	EndGlobalSection
	GlobalSection(ProjectConfigurationPlatforms) = postSolution
		{BD4E61EE-0254-424D-971D-7BA0FB2194EC}.Debug|Any CPU.ActiveCfg = Debug|Any CPU
		{BD4E61EE-0254-424D-971D-7BA0FB2194EC}.Debug|Any CPU.Build.0 = Debug|Any CPU
		{BD4E61EE-0254-424D-971D-7BA0FB2194EC}.Release|Any CPU.ActiveCfg = Release|Any CPU
		{BD4E61EE-0254-424D-971D-7BA0FB2194EC}.Release|Any CPU.Build.0 = Release|Any CPU
	EndGlobalSection
	GlobalSection(SolutionProperties) = preSolution
		HideSolutionNode = FALSE
	EndGlobalSection
	GlobalSection(ExtensibilityGlobals) = postSolution
		SolutionGuid = {9120ED84-B727-4186-A424-4E14EE304BFF}
	EndGlobalSection
EndGlobal
